
Microsoft Visual Studio Solution File, Format Version 12.00
# Visual Studio 15
VisualStudioVersion = 15.0.28307.1300
MinimumVisualStudioVersion = 10.0.40219.1
Project("{FAE04EC0-301F-11D3-BF4B-00C04F79EFBC}") = "Data", "Data\Data.csproj", "{20336838-0BE1-48D5-BED0-56DD654C3A12}"
EndProject
Project("{FAE04EC0-301F-11D3-BF4B-00C04F79EFBC}") = "Services", "Services\Services.csproj", "{8B37DCE5-62A9-47C3-9905-4E8D643B6CE7}"
EndProject
Project("{FAE04EC0-301F-11D3-BF4B-00C04F79EFBC}") = "Presentation", "Presentation\Presentation.csproj", "{38DCBA2D-E53E-4C5B-99F7-A2BA1BF2C765}"
EndProject
Project("{FAE04EC0-301F-11D3-BF4B-00C04F79EFBC}") = "DataTests", "DataTests\DataTests.csproj", "{7B1DBD84-1FBD-453F-8ABD-EFAD3B8BA388}"
EndProject
Project("{FAE04EC0-301F-11D3-BF4B-00C04F79EFBC}") = "ServicesTest", "ServicesTest\ServicesTest.csproj", "{768C1698-DBDB-4091-98DF-1B0FC59ACD5E}"
EndProject
Project("{FAE04EC0-301F-11D3-BF4B-00C04F79EFBC}") = "Rescources", "Rescources\Rescources.csproj", "{A2732ABE-E0CB-45B2-8F34-21C833C5C0CC}"
EndProject
Project("{FAE04EC0-301F-11D3-BF4B-00C04F79EFBC}") = "ViewModel", "ClassLibrary1\ViewModel.csproj", "{CC7E46E7-1E18-4446-B356-C9C1827D87B5}"
EndProject
Project("{FAE04EC0-301F-11D3-BF4B-00C04F79EFBC}") = "PresentationTest", "PresentationTest\PresentationTest.csproj", "{3B73EC9B-52BF-40CD-A419-993180177BB1}"
EndProject
Project("{2150E333-8FDC-42A3-9474-1A3956D46DE8}") = ".Presentation", ".Presentation", "{9F75A56F-D7DA-4494-9BBA-256BB92D6C09}"
EndProject
Project("{2150E333-8FDC-42A3-9474-1A3956D46DE8}") = ".Data", ".Data", "{D4FC3ECA-9909-4F9D-B02C-C12FF9ACD336}"
EndProject
Project("{2150E333-8FDC-42A3-9474-1A3956D46DE8}") = ".Logic", ".Logic", "{34C7DB46-6200-41C3-A3E8-4C5592DA2D25}"
EndProject
Project("{FAE04EC0-301F-11D3-BF4B-00C04F79EFBC}") = "Model", "Model\Model.csproj", "{26AE639F-C85D-42F6-80A1-E9E9146FA3C8}"
EndProject
Global
	GlobalSection(SolutionConfigurationPlatforms) = preSolution
		Debug|Any CPU = Debug|Any CPU
		Release|Any CPU = Release|Any CPU
	EndGlobalSection
	GlobalSection(ProjectConfigurationPlatforms) = postSolution
		{20336838-0BE1-48D5-BED0-56DD654C3A12}.Debug|Any CPU.ActiveCfg = Debug|Any CPU
		{20336838-0BE1-48D5-BED0-56DD654C3A12}.Debug|Any CPU.Build.0 = Debug|Any CPU
		{20336838-0BE1-48D5-BED0-56DD654C3A12}.Release|Any CPU.ActiveCfg = Release|Any CPU
		{20336838-0BE1-48D5-BED0-56DD654C3A12}.Release|Any CPU.Build.0 = Release|Any CPU
		{8B37DCE5-62A9-47C3-9905-4E8D643B6CE7}.Debug|Any CPU.ActiveCfg = Debug|Any CPU
		{8B37DCE5-62A9-47C3-9905-4E8D643B6CE7}.Debug|Any CPU.Build.0 = Debug|Any CPU
		{8B37DCE5-62A9-47C3-9905-4E8D643B6CE7}.Release|Any CPU.ActiveCfg = Release|Any CPU
		{8B37DCE5-62A9-47C3-9905-4E8D643B6CE7}.Release|Any CPU.Build.0 = Release|Any CPU
		{38DCBA2D-E53E-4C5B-99F7-A2BA1BF2C765}.Debug|Any CPU.ActiveCfg = Debug|Any CPU
		{38DCBA2D-E53E-4C5B-99F7-A2BA1BF2C765}.Debug|Any CPU.Build.0 = Debug|Any CPU
		{38DCBA2D-E53E-4C5B-99F7-A2BA1BF2C765}.Release|Any CPU.ActiveCfg = Release|Any CPU
		{38DCBA2D-E53E-4C5B-99F7-A2BA1BF2C765}.Release|Any CPU.Build.0 = Release|Any CPU
		{7B1DBD84-1FBD-453F-8ABD-EFAD3B8BA388}.Debug|Any CPU.ActiveCfg = Debug|Any CPU
		{7B1DBD84-1FBD-453F-8ABD-EFAD3B8BA388}.Debug|Any CPU.Build.0 = Debug|Any CPU
		{7B1DBD84-1FBD-453F-8ABD-EFAD3B8BA388}.Release|Any CPU.ActiveCfg = Release|Any CPU
		{7B1DBD84-1FBD-453F-8ABD-EFAD3B8BA388}.Release|Any CPU.Build.0 = Release|Any CPU
		{768C1698-DBDB-4091-98DF-1B0FC59ACD5E}.Debug|Any CPU.ActiveCfg = Debug|Any CPU
		{768C1698-DBDB-4091-98DF-1B0FC59ACD5E}.Debug|Any CPU.Build.0 = Debug|Any CPU
		{768C1698-DBDB-4091-98DF-1B0FC59ACD5E}.Release|Any CPU.ActiveCfg = Release|Any CPU
		{768C1698-DBDB-4091-98DF-1B0FC59ACD5E}.Release|Any CPU.Build.0 = Release|Any CPU
		{A2732ABE-E0CB-45B2-8F34-21C833C5C0CC}.Debug|Any CPU.ActiveCfg = Debug|Any CPU
		{A2732ABE-E0CB-45B2-8F34-21C833C5C0CC}.Debug|Any CPU.Build.0 = Debug|Any CPU
		{A2732ABE-E0CB-45B2-8F34-21C833C5C0CC}.Release|Any CPU.ActiveCfg = Release|Any CPU
		{A2732ABE-E0CB-45B2-8F34-21C833C5C0CC}.Release|Any CPU.Build.0 = Release|Any CPU
		{CC7E46E7-1E18-4446-B356-C9C1827D87B5}.Debug|Any CPU.ActiveCfg = Debug|Any CPU
		{CC7E46E7-1E18-4446-B356-C9C1827D87B5}.Debug|Any CPU.Build.0 = Debug|Any CPU
		{CC7E46E7-1E18-4446-B356-C9C1827D87B5}.Release|Any CPU.ActiveCfg = Release|Any CPU
		{CC7E46E7-1E18-4446-B356-C9C1827D87B5}.Release|Any CPU.Build.0 = Release|Any CPU
		{3B73EC9B-52BF-40CD-A419-993180177BB1}.Debug|Any CPU.ActiveCfg = Debug|Any CPU
		{3B73EC9B-52BF-40CD-A419-993180177BB1}.Debug|Any CPU.Build.0 = Debug|Any CPU
		{3B73EC9B-52BF-40CD-A419-993180177BB1}.Release|Any CPU.ActiveCfg = Release|Any CPU
		{3B73EC9B-52BF-40CD-A419-993180177BB1}.Release|Any CPU.Build.0 = Release|Any CPU
		{26AE639F-C85D-42F6-80A1-E9E9146FA3C8}.Debug|Any CPU.ActiveCfg = Debug|Any CPU
		{26AE639F-C85D-42F6-80A1-E9E9146FA3C8}.Debug|Any CPU.Build.0 = Debug|Any CPU
		{26AE639F-C85D-42F6-80A1-E9E9146FA3C8}.Release|Any CPU.ActiveCfg = Release|Any CPU
		{26AE639F-C85D-42F6-80A1-E9E9146FA3C8}.Release|Any CPU.Build.0 = Release|Any CPU
	EndGlobalSection
	GlobalSection(SolutionProperties) = preSolution
		HideSolutionNode = FALSE
	EndGlobalSection
	GlobalSection(NestedProjects) = preSolution
		{20336838-0BE1-48D5-BED0-56DD654C3A12} = {D4FC3ECA-9909-4F9D-B02C-C12FF9ACD336}
		{8B37DCE5-62A9-47C3-9905-4E8D643B6CE7} = {34C7DB46-6200-41C3-A3E8-4C5592DA2D25}
		{38DCBA2D-E53E-4C5B-99F7-A2BA1BF2C765} = {9F75A56F-D7DA-4494-9BBA-256BB92D6C09}
		{7B1DBD84-1FBD-453F-8ABD-EFAD3B8BA388} = {D4FC3ECA-9909-4F9D-B02C-C12FF9ACD336}
		{768C1698-DBDB-4091-98DF-1B0FC59ACD5E} = {34C7DB46-6200-41C3-A3E8-4C5592DA2D25}
		{A2732ABE-E0CB-45B2-8F34-21C833C5C0CC} = {D4FC3ECA-9909-4F9D-B02C-C12FF9ACD336}
		{CC7E46E7-1E18-4446-B356-C9C1827D87B5} = {9F75A56F-D7DA-4494-9BBA-256BB92D6C09}
		{3B73EC9B-52BF-40CD-A419-993180177BB1} = {9F75A56F-D7DA-4494-9BBA-256BB92D6C09}
		{26AE639F-C85D-42F6-80A1-E9E9146FA3C8} = {9F75A56F-D7DA-4494-9BBA-256BB92D6C09}
	EndGlobalSection
	GlobalSection(ExtensibilityGlobals) = postSolution
		SolutionGuid = {9CA362ED-D1B6-46BF-ADF0-CE47B6A17E30}
	EndGlobalSection
EndGlobal
